// !$*UTF8*$!
{
	archiveVersion = 1;
	classes = {
	};
	objectVersion = 50;
	objects = {

/* Begin PBXBuildFile section */
<<<<<<< Updated upstream:Slango.xcodeproj/project.pbxproj
		F3419D6624061D1A00F64B59 /* AppDelegate.m in Sources */ = {isa = PBXBuildFile; fileRef = F3419D6524061D1A00F64B59 /* AppDelegate.m */; };
		F3419D6924061D1A00F64B59 /* SceneDelegate.m in Sources */ = {isa = PBXBuildFile; fileRef = F3419D6824061D1A00F64B59 /* SceneDelegate.m */; };
		F3419D6C24061D1A00F64B59 /* ViewController.m in Sources */ = {isa = PBXBuildFile; fileRef = F3419D6B24061D1A00F64B59 /* ViewController.m */; };
		F3419D6F24061D1A00F64B59 /* Main.storyboard in Resources */ = {isa = PBXBuildFile; fileRef = F3419D6D24061D1A00F64B59 /* Main.storyboard */; };
		F3419D7124061D1F00F64B59 /* Assets.xcassets in Resources */ = {isa = PBXBuildFile; fileRef = F3419D7024061D1F00F64B59 /* Assets.xcassets */; };
		F3419D7424061D1F00F64B59 /* LaunchScreen.storyboard in Resources */ = {isa = PBXBuildFile; fileRef = F3419D7224061D1F00F64B59 /* LaunchScreen.storyboard */; };
		F3419D7724061D1F00F64B59 /* main.m in Sources */ = {isa = PBXBuildFile; fileRef = F3419D7624061D1F00F64B59 /* main.m */; };
/* End PBXBuildFile section */

/* Begin PBXFileReference section */
		F3419D6124061D1A00F64B59 /* Slango.app */ = {isa = PBXFileReference; explicitFileType = wrapper.application; includeInIndex = 0; path = Slango.app; sourceTree = BUILT_PRODUCTS_DIR; };
		F3419D6424061D1A00F64B59 /* AppDelegate.h */ = {isa = PBXFileReference; lastKnownFileType = sourcecode.c.h; path = AppDelegate.h; sourceTree = "<group>"; };
		F3419D6524061D1A00F64B59 /* AppDelegate.m */ = {isa = PBXFileReference; lastKnownFileType = sourcecode.c.objc; path = AppDelegate.m; sourceTree = "<group>"; };
		F3419D6724061D1A00F64B59 /* SceneDelegate.h */ = {isa = PBXFileReference; lastKnownFileType = sourcecode.c.h; path = SceneDelegate.h; sourceTree = "<group>"; };
		F3419D6824061D1A00F64B59 /* SceneDelegate.m */ = {isa = PBXFileReference; lastKnownFileType = sourcecode.c.objc; path = SceneDelegate.m; sourceTree = "<group>"; };
		F3419D6A24061D1A00F64B59 /* ViewController.h */ = {isa = PBXFileReference; lastKnownFileType = sourcecode.c.h; path = ViewController.h; sourceTree = "<group>"; };
		F3419D6B24061D1A00F64B59 /* ViewController.m */ = {isa = PBXFileReference; lastKnownFileType = sourcecode.c.objc; path = ViewController.m; sourceTree = "<group>"; };
		F3419D6E24061D1A00F64B59 /* Base */ = {isa = PBXFileReference; lastKnownFileType = file.storyboard; name = Base; path = Base.lproj/Main.storyboard; sourceTree = "<group>"; };
		F3419D7024061D1F00F64B59 /* Assets.xcassets */ = {isa = PBXFileReference; lastKnownFileType = folder.assetcatalog; path = Assets.xcassets; sourceTree = "<group>"; };
		F3419D7324061D1F00F64B59 /* Base */ = {isa = PBXFileReference; lastKnownFileType = file.storyboard; name = Base; path = Base.lproj/LaunchScreen.storyboard; sourceTree = "<group>"; };
		F3419D7524061D1F00F64B59 /* Info.plist */ = {isa = PBXFileReference; lastKnownFileType = text.plist.xml; path = Info.plist; sourceTree = "<group>"; };
		F3419D7624061D1F00F64B59 /* main.m */ = {isa = PBXFileReference; lastKnownFileType = sourcecode.c.objc; path = main.m; sourceTree = "<group>"; };
=======
		F315FCC924080A11009C98BD /* AppDelegate.swift in Sources */ = {isa = PBXBuildFile; fileRef = F315FCC824080A11009C98BD /* AppDelegate.swift */; };
		F315FCCB24080A11009C98BD /* SceneDelegate.swift in Sources */ = {isa = PBXBuildFile; fileRef = F315FCCA24080A11009C98BD /* SceneDelegate.swift */; };
		F315FCD024080A11009C98BD /* Main.storyboard in Resources */ = {isa = PBXBuildFile; fileRef = F315FCCE24080A11009C98BD /* Main.storyboard */; };
		F315FCD224080A12009C98BD /* Assets.xcassets in Resources */ = {isa = PBXBuildFile; fileRef = F315FCD124080A12009C98BD /* Assets.xcassets */; };
		F315FCD524080A12009C98BD /* LaunchScreen.storyboard in Resources */ = {isa = PBXBuildFile; fileRef = F315FCD324080A12009C98BD /* LaunchScreen.storyboard */; };
		F315FCE324081B12009C98BD /* Word.swift in Sources */ = {isa = PBXBuildFile; fileRef = F315FCE224081B12009C98BD /* Word.swift */; };
		F315FCE524081B1C009C98BD /* WordController.swift in Sources */ = {isa = PBXBuildFile; fileRef = F315FCE424081B1C009C98BD /* WordController.swift */; };
		F315FCE724081B2D009C98BD /* WordTableViewCell.swift in Sources */ = {isa = PBXBuildFile; fileRef = F315FCE624081B2D009C98BD /* WordTableViewCell.swift */; };
		F315FCE924081B45009C98BD /* MainTableViewController.swift in Sources */ = {isa = PBXBuildFile; fileRef = F315FCE824081B45009C98BD /* MainTableViewController.swift */; };
		F315FCEB24081B52009C98BD /* WordDetailViewController.swift in Sources */ = {isa = PBXBuildFile; fileRef = F315FCEA24081B52009C98BD /* WordDetailViewController.swift */; };
		F315FCED24082094009C98BD /* CellShadowView.swift in Sources */ = {isa = PBXBuildFile; fileRef = F315FCEC24082094009C98BD /* CellShadowView.swift */; };
		F34F62B224086E3000CB6CE4 /* Extensions.swift in Sources */ = {isa = PBXBuildFile; fileRef = F34F62B124086E3000CB6CE4 /* Extensions.swift */; };
		F34F62B42408BE2300CB6CE4 /* WordsHomeViewController.swift in Sources */ = {isa = PBXBuildFile; fileRef = F34F62B32408BE2300CB6CE4 /* WordsHomeViewController.swift */; };
/* End PBXBuildFile section */

/* Begin PBXFileReference section */
		F315FCC524080A11009C98BD /* Slango.app */ = {isa = PBXFileReference; explicitFileType = wrapper.application; includeInIndex = 0; path = Slango.app; sourceTree = BUILT_PRODUCTS_DIR; };
		F315FCC824080A11009C98BD /* AppDelegate.swift */ = {isa = PBXFileReference; lastKnownFileType = sourcecode.swift; path = AppDelegate.swift; sourceTree = "<group>"; };
		F315FCCA24080A11009C98BD /* SceneDelegate.swift */ = {isa = PBXFileReference; lastKnownFileType = sourcecode.swift; path = SceneDelegate.swift; sourceTree = "<group>"; };
		F315FCCF24080A11009C98BD /* Base */ = {isa = PBXFileReference; lastKnownFileType = file.storyboard; name = Base; path = Base.lproj/Main.storyboard; sourceTree = "<group>"; };
		F315FCD124080A12009C98BD /* Assets.xcassets */ = {isa = PBXFileReference; lastKnownFileType = folder.assetcatalog; path = Assets.xcassets; sourceTree = "<group>"; };
		F315FCD424080A12009C98BD /* Base */ = {isa = PBXFileReference; lastKnownFileType = file.storyboard; name = Base; path = Base.lproj/LaunchScreen.storyboard; sourceTree = "<group>"; };
		F315FCD624080A12009C98BD /* Info.plist */ = {isa = PBXFileReference; lastKnownFileType = text.plist.xml; path = Info.plist; sourceTree = "<group>"; };
		F315FCE224081B12009C98BD /* Word.swift */ = {isa = PBXFileReference; lastKnownFileType = sourcecode.swift; path = Word.swift; sourceTree = "<group>"; };
		F315FCE424081B1C009C98BD /* WordController.swift */ = {isa = PBXFileReference; lastKnownFileType = sourcecode.swift; path = WordController.swift; sourceTree = "<group>"; };
		F315FCE624081B2D009C98BD /* WordTableViewCell.swift */ = {isa = PBXFileReference; lastKnownFileType = sourcecode.swift; path = WordTableViewCell.swift; sourceTree = "<group>"; };
		F315FCE824081B45009C98BD /* MainTableViewController.swift */ = {isa = PBXFileReference; lastKnownFileType = sourcecode.swift; path = MainTableViewController.swift; sourceTree = "<group>"; };
		F315FCEA24081B52009C98BD /* WordDetailViewController.swift */ = {isa = PBXFileReference; lastKnownFileType = sourcecode.swift; path = WordDetailViewController.swift; sourceTree = "<group>"; };
		F315FCEC24082094009C98BD /* CellShadowView.swift */ = {isa = PBXFileReference; lastKnownFileType = sourcecode.swift; path = CellShadowView.swift; sourceTree = "<group>"; };
		F34F62B124086E3000CB6CE4 /* Extensions.swift */ = {isa = PBXFileReference; lastKnownFileType = sourcecode.swift; path = Extensions.swift; sourceTree = "<group>"; };
		F34F62B32408BE2300CB6CE4 /* WordsHomeViewController.swift */ = {isa = PBXFileReference; lastKnownFileType = sourcecode.swift; path = WordsHomeViewController.swift; sourceTree = "<group>"; };
>>>>>>> Stashed changes:Slango/Slango.xcodeproj/project.pbxproj
/* End PBXFileReference section */

/* Begin PBXFrameworksBuildPhase section */
		F3419D5E24061D1A00F64B59 /* Frameworks */ = {
			isa = PBXFrameworksBuildPhase;
			buildActionMask = 2147483647;
			files = (
			);
			runOnlyForDeploymentPostprocessing = 0;
		};
/* End PBXFrameworksBuildPhase section */

/* Begin PBXGroup section */
		F3419D5824061D1A00F64B59 = {
			isa = PBXGroup;
			children = (
				F3419D6324061D1A00F64B59 /* Slango */,
				F3419D6224061D1A00F64B59 /* Products */,
			);
			sourceTree = "<group>";
		};
		F3419D6224061D1A00F64B59 /* Products */ = {
			isa = PBXGroup;
			children = (
				F3419D6124061D1A00F64B59 /* Slango.app */,
			);
			name = Products;
			sourceTree = "<group>";
		};
		F3419D6324061D1A00F64B59 /* Slango */ = {
			isa = PBXGroup;
			children = (
				F3419D6424061D1A00F64B59 /* AppDelegate.h */,
				F3419D6524061D1A00F64B59 /* AppDelegate.m */,
				F3419D6724061D1A00F64B59 /* SceneDelegate.h */,
				F3419D6824061D1A00F64B59 /* SceneDelegate.m */,
				F3419D6A24061D1A00F64B59 /* ViewController.h */,
				F3419D6B24061D1A00F64B59 /* ViewController.m */,
				F3419D6D24061D1A00F64B59 /* Main.storyboard */,
				F3419D7024061D1F00F64B59 /* Assets.xcassets */,
				F3419D7224061D1F00F64B59 /* LaunchScreen.storyboard */,
				F3419D7524061D1F00F64B59 /* Info.plist */,
				F3419D7624061D1F00F64B59 /* main.m */,
			);
			path = Slango;
			sourceTree = "<group>";
		};
<<<<<<< Updated upstream:Slango.xcodeproj/project.pbxproj
=======
		F315FCDC24080C0E009C98BD /* Storyboards */ = {
			isa = PBXGroup;
			children = (
				F315FCCE24080A11009C98BD /* Main.storyboard */,
				F315FCD324080A12009C98BD /* LaunchScreen.storyboard */,
			);
			name = Storyboards;
			sourceTree = "<group>";
		};
		F315FCDD24080C1A009C98BD /* View Controllers */ = {
			isa = PBXGroup;
			children = (
				F315FCE824081B45009C98BD /* MainTableViewController.swift */,
				F315FCEA24081B52009C98BD /* WordDetailViewController.swift */,
				F34F62B32408BE2300CB6CE4 /* WordsHomeViewController.swift */,
			);
			name = "View Controllers";
			sourceTree = "<group>";
		};
		F315FCDE24080C25009C98BD /* Views */ = {
			isa = PBXGroup;
			children = (
				F315FCE624081B2D009C98BD /* WordTableViewCell.swift */,
				F315FCEC24082094009C98BD /* CellShadowView.swift */,
			);
			name = Views;
			sourceTree = "<group>";
		};
		F315FCDF24080C2B009C98BD /* Model Controller */ = {
			isa = PBXGroup;
			children = (
				F315FCE424081B1C009C98BD /* WordController.swift */,
			);
			name = "Model Controller";
			sourceTree = "<group>";
		};
		F315FCE024080C37009C98BD /* Model */ = {
			isa = PBXGroup;
			children = (
				F315FCE224081B12009C98BD /* Word.swift */,
			);
			name = Model;
			sourceTree = "<group>";
		};
		F315FCE124080C3D009C98BD /* Resources */ = {
			isa = PBXGroup;
			children = (
				F315FCC824080A11009C98BD /* AppDelegate.swift */,
				F315FCCA24080A11009C98BD /* SceneDelegate.swift */,
				F315FCD624080A12009C98BD /* Info.plist */,
				F315FCD124080A12009C98BD /* Assets.xcassets */,
				F34F62B124086E3000CB6CE4 /* Extensions.swift */,
			);
			name = Resources;
			sourceTree = "<group>";
		};
>>>>>>> Stashed changes:Slango/Slango.xcodeproj/project.pbxproj
/* End PBXGroup section */

/* Begin PBXNativeTarget section */
		F3419D6024061D1A00F64B59 /* Slango */ = {
			isa = PBXNativeTarget;
			buildConfigurationList = F3419D7A24061D1F00F64B59 /* Build configuration list for PBXNativeTarget "Slango" */;
			buildPhases = (
				F3419D5D24061D1A00F64B59 /* Sources */,
				F3419D5E24061D1A00F64B59 /* Frameworks */,
				F3419D5F24061D1A00F64B59 /* Resources */,
			);
			buildRules = (
			);
			dependencies = (
			);
			name = Slango;
			productName = Slango;
			productReference = F3419D6124061D1A00F64B59 /* Slango.app */;
			productType = "com.apple.product-type.application";
		};
/* End PBXNativeTarget section */

/* Begin PBXProject section */
		F3419D5924061D1A00F64B59 /* Project object */ = {
			isa = PBXProject;
			attributes = {
				LastUpgradeCheck = 1130;
				ORGANIZATIONNAME = "Fabiola Saga";
				TargetAttributes = {
					F3419D6024061D1A00F64B59 = {
						CreatedOnToolsVersion = 11.3.1;
					};
				};
			};
			buildConfigurationList = F3419D5C24061D1A00F64B59 /* Build configuration list for PBXProject "Slango" */;
			compatibilityVersion = "Xcode 9.3";
			developmentRegion = en;
			hasScannedForEncodings = 0;
			knownRegions = (
				en,
				Base,
			);
			mainGroup = F3419D5824061D1A00F64B59;
			productRefGroup = F3419D6224061D1A00F64B59 /* Products */;
			projectDirPath = "";
			projectRoot = "";
			targets = (
				F3419D6024061D1A00F64B59 /* Slango */,
			);
		};
/* End PBXProject section */

/* Begin PBXResourcesBuildPhase section */
		F3419D5F24061D1A00F64B59 /* Resources */ = {
			isa = PBXResourcesBuildPhase;
			buildActionMask = 2147483647;
			files = (
				F3419D7424061D1F00F64B59 /* LaunchScreen.storyboard in Resources */,
				F3419D7124061D1F00F64B59 /* Assets.xcassets in Resources */,
				F3419D6F24061D1A00F64B59 /* Main.storyboard in Resources */,
			);
			runOnlyForDeploymentPostprocessing = 0;
		};
/* End PBXResourcesBuildPhase section */

/* Begin PBXSourcesBuildPhase section */
		F3419D5D24061D1A00F64B59 /* Sources */ = {
			isa = PBXSourcesBuildPhase;
			buildActionMask = 2147483647;
			files = (
<<<<<<< Updated upstream:Slango.xcodeproj/project.pbxproj
				F3419D6C24061D1A00F64B59 /* ViewController.m in Sources */,
				F3419D6624061D1A00F64B59 /* AppDelegate.m in Sources */,
				F3419D7724061D1F00F64B59 /* main.m in Sources */,
				F3419D6924061D1A00F64B59 /* SceneDelegate.m in Sources */,
=======
				F315FCED24082094009C98BD /* CellShadowView.swift in Sources */,
				F34F62B42408BE2300CB6CE4 /* WordsHomeViewController.swift in Sources */,
				F34F62B224086E3000CB6CE4 /* Extensions.swift in Sources */,
				F315FCC924080A11009C98BD /* AppDelegate.swift in Sources */,
				F315FCCB24080A11009C98BD /* SceneDelegate.swift in Sources */,
				F315FCEB24081B52009C98BD /* WordDetailViewController.swift in Sources */,
				F315FCE324081B12009C98BD /* Word.swift in Sources */,
				F315FCE524081B1C009C98BD /* WordController.swift in Sources */,
				F315FCE924081B45009C98BD /* MainTableViewController.swift in Sources */,
				F315FCE724081B2D009C98BD /* WordTableViewCell.swift in Sources */,
>>>>>>> Stashed changes:Slango/Slango.xcodeproj/project.pbxproj
			);
			runOnlyForDeploymentPostprocessing = 0;
		};
/* End PBXSourcesBuildPhase section */

/* Begin PBXVariantGroup section */
		F3419D6D24061D1A00F64B59 /* Main.storyboard */ = {
			isa = PBXVariantGroup;
			children = (
				F3419D6E24061D1A00F64B59 /* Base */,
			);
			name = Main.storyboard;
			sourceTree = "<group>";
		};
		F3419D7224061D1F00F64B59 /* LaunchScreen.storyboard */ = {
			isa = PBXVariantGroup;
			children = (
				F3419D7324061D1F00F64B59 /* Base */,
			);
			name = LaunchScreen.storyboard;
			sourceTree = "<group>";
		};
/* End PBXVariantGroup section */

/* Begin XCBuildConfiguration section */
		F3419D7824061D1F00F64B59 /* Debug */ = {
			isa = XCBuildConfiguration;
			buildSettings = {
				ALWAYS_SEARCH_USER_PATHS = NO;
				CLANG_ANALYZER_NONNULL = YES;
				CLANG_ANALYZER_NUMBER_OBJECT_CONVERSION = YES_AGGRESSIVE;
				CLANG_CXX_LANGUAGE_STANDARD = "gnu++14";
				CLANG_CXX_LIBRARY = "libc++";
				CLANG_ENABLE_MODULES = YES;
				CLANG_ENABLE_OBJC_ARC = YES;
				CLANG_ENABLE_OBJC_WEAK = YES;
				CLANG_WARN_BLOCK_CAPTURE_AUTORELEASING = YES;
				CLANG_WARN_BOOL_CONVERSION = YES;
				CLANG_WARN_COMMA = YES;
				CLANG_WARN_CONSTANT_CONVERSION = YES;
				CLANG_WARN_DEPRECATED_OBJC_IMPLEMENTATIONS = YES;
				CLANG_WARN_DIRECT_OBJC_ISA_USAGE = YES_ERROR;
				CLANG_WARN_DOCUMENTATION_COMMENTS = YES;
				CLANG_WARN_EMPTY_BODY = YES;
				CLANG_WARN_ENUM_CONVERSION = YES;
				CLANG_WARN_INFINITE_RECURSION = YES;
				CLANG_WARN_INT_CONVERSION = YES;
				CLANG_WARN_NON_LITERAL_NULL_CONVERSION = YES;
				CLANG_WARN_OBJC_IMPLICIT_RETAIN_SELF = YES;
				CLANG_WARN_OBJC_LITERAL_CONVERSION = YES;
				CLANG_WARN_OBJC_ROOT_CLASS = YES_ERROR;
				CLANG_WARN_RANGE_LOOP_ANALYSIS = YES;
				CLANG_WARN_STRICT_PROTOTYPES = YES;
				CLANG_WARN_SUSPICIOUS_MOVE = YES;
				CLANG_WARN_UNGUARDED_AVAILABILITY = YES_AGGRESSIVE;
				CLANG_WARN_UNREACHABLE_CODE = YES;
				CLANG_WARN__DUPLICATE_METHOD_MATCH = YES;
				COPY_PHASE_STRIP = NO;
				DEBUG_INFORMATION_FORMAT = dwarf;
				ENABLE_STRICT_OBJC_MSGSEND = YES;
				ENABLE_TESTABILITY = YES;
				GCC_C_LANGUAGE_STANDARD = gnu11;
				GCC_DYNAMIC_NO_PIC = NO;
				GCC_NO_COMMON_BLOCKS = YES;
				GCC_OPTIMIZATION_LEVEL = 0;
				GCC_PREPROCESSOR_DEFINITIONS = (
					"DEBUG=1",
					"$(inherited)",
				);
				GCC_WARN_64_TO_32_BIT_CONVERSION = YES;
				GCC_WARN_ABOUT_RETURN_TYPE = YES_ERROR;
				GCC_WARN_UNDECLARED_SELECTOR = YES;
				GCC_WARN_UNINITIALIZED_AUTOS = YES_AGGRESSIVE;
				GCC_WARN_UNUSED_FUNCTION = YES;
				GCC_WARN_UNUSED_VARIABLE = YES;
				IPHONEOS_DEPLOYMENT_TARGET = 13.2;
				MTL_ENABLE_DEBUG_INFO = INCLUDE_SOURCE;
				MTL_FAST_MATH = YES;
				ONLY_ACTIVE_ARCH = YES;
				SDKROOT = iphoneos;
			};
			name = Debug;
		};
		F3419D7924061D1F00F64B59 /* Release */ = {
			isa = XCBuildConfiguration;
			buildSettings = {
				ALWAYS_SEARCH_USER_PATHS = NO;
				CLANG_ANALYZER_NONNULL = YES;
				CLANG_ANALYZER_NUMBER_OBJECT_CONVERSION = YES_AGGRESSIVE;
				CLANG_CXX_LANGUAGE_STANDARD = "gnu++14";
				CLANG_CXX_LIBRARY = "libc++";
				CLANG_ENABLE_MODULES = YES;
				CLANG_ENABLE_OBJC_ARC = YES;
				CLANG_ENABLE_OBJC_WEAK = YES;
				CLANG_WARN_BLOCK_CAPTURE_AUTORELEASING = YES;
				CLANG_WARN_BOOL_CONVERSION = YES;
				CLANG_WARN_COMMA = YES;
				CLANG_WARN_CONSTANT_CONVERSION = YES;
				CLANG_WARN_DEPRECATED_OBJC_IMPLEMENTATIONS = YES;
				CLANG_WARN_DIRECT_OBJC_ISA_USAGE = YES_ERROR;
				CLANG_WARN_DOCUMENTATION_COMMENTS = YES;
				CLANG_WARN_EMPTY_BODY = YES;
				CLANG_WARN_ENUM_CONVERSION = YES;
				CLANG_WARN_INFINITE_RECURSION = YES;
				CLANG_WARN_INT_CONVERSION = YES;
				CLANG_WARN_NON_LITERAL_NULL_CONVERSION = YES;
				CLANG_WARN_OBJC_IMPLICIT_RETAIN_SELF = YES;
				CLANG_WARN_OBJC_LITERAL_CONVERSION = YES;
				CLANG_WARN_OBJC_ROOT_CLASS = YES_ERROR;
				CLANG_WARN_RANGE_LOOP_ANALYSIS = YES;
				CLANG_WARN_STRICT_PROTOTYPES = YES;
				CLANG_WARN_SUSPICIOUS_MOVE = YES;
				CLANG_WARN_UNGUARDED_AVAILABILITY = YES_AGGRESSIVE;
				CLANG_WARN_UNREACHABLE_CODE = YES;
				CLANG_WARN__DUPLICATE_METHOD_MATCH = YES;
				COPY_PHASE_STRIP = NO;
				DEBUG_INFORMATION_FORMAT = "dwarf-with-dsym";
				ENABLE_NS_ASSERTIONS = NO;
				ENABLE_STRICT_OBJC_MSGSEND = YES;
				GCC_C_LANGUAGE_STANDARD = gnu11;
				GCC_NO_COMMON_BLOCKS = YES;
				GCC_WARN_64_TO_32_BIT_CONVERSION = YES;
				GCC_WARN_ABOUT_RETURN_TYPE = YES_ERROR;
				GCC_WARN_UNDECLARED_SELECTOR = YES;
				GCC_WARN_UNINITIALIZED_AUTOS = YES_AGGRESSIVE;
				GCC_WARN_UNUSED_FUNCTION = YES;
				GCC_WARN_UNUSED_VARIABLE = YES;
				IPHONEOS_DEPLOYMENT_TARGET = 13.2;
				MTL_ENABLE_DEBUG_INFO = NO;
				MTL_FAST_MATH = YES;
				SDKROOT = iphoneos;
				VALIDATE_PRODUCT = YES;
			};
			name = Release;
		};
		F3419D7B24061D1F00F64B59 /* Debug */ = {
			isa = XCBuildConfiguration;
			buildSettings = {
				ASSETCATALOG_COMPILER_APPICON_NAME = AppIcon;
				CODE_SIGN_STYLE = Automatic;
				INFOPLIST_FILE = Slango/Info.plist;
				LD_RUNPATH_SEARCH_PATHS = (
					"$(inherited)",
					"@executable_path/Frameworks",
				);
				PRODUCT_BUNDLE_IDENTIFIER = com.fabsaga.Slango;
				PRODUCT_NAME = "$(TARGET_NAME)";
				TARGETED_DEVICE_FAMILY = "1,2";
			};
			name = Debug;
		};
		F3419D7C24061D1F00F64B59 /* Release */ = {
			isa = XCBuildConfiguration;
			buildSettings = {
				ASSETCATALOG_COMPILER_APPICON_NAME = AppIcon;
				CODE_SIGN_STYLE = Automatic;
				INFOPLIST_FILE = Slango/Info.plist;
				LD_RUNPATH_SEARCH_PATHS = (
					"$(inherited)",
					"@executable_path/Frameworks",
				);
				PRODUCT_BUNDLE_IDENTIFIER = com.fabsaga.Slango;
				PRODUCT_NAME = "$(TARGET_NAME)";
				TARGETED_DEVICE_FAMILY = "1,2";
			};
			name = Release;
		};
/* End XCBuildConfiguration section */

/* Begin XCConfigurationList section */
		F3419D5C24061D1A00F64B59 /* Build configuration list for PBXProject "Slango" */ = {
			isa = XCConfigurationList;
			buildConfigurations = (
				F3419D7824061D1F00F64B59 /* Debug */,
				F3419D7924061D1F00F64B59 /* Release */,
			);
			defaultConfigurationIsVisible = 0;
			defaultConfigurationName = Release;
		};
		F3419D7A24061D1F00F64B59 /* Build configuration list for PBXNativeTarget "Slango" */ = {
			isa = XCConfigurationList;
			buildConfigurations = (
				F3419D7B24061D1F00F64B59 /* Debug */,
				F3419D7C24061D1F00F64B59 /* Release */,
			);
			defaultConfigurationIsVisible = 0;
			defaultConfigurationName = Release;
		};
/* End XCConfigurationList section */
	};
	rootObject = F3419D5924061D1A00F64B59 /* Project object */;
}
