// !$*UTF8*$!
{
	archiveVersion = 1;
	classes = {
	};
	objectVersion = 50;
	objects = {

/* Begin PBXBuildFile section */
		F315FCC924080A11009C98BD /* AppDelegate.swift in Sources */ = {isa = PBXBuildFile; fileRef = F315FCC824080A11009C98BD /* AppDelegate.swift */; };
		F315FCCB24080A11009C98BD /* SceneDelegate.swift in Sources */ = {isa = PBXBuildFile; fileRef = F315FCCA24080A11009C98BD /* SceneDelegate.swift */; };
		F315FCD024080A11009C98BD /* Main.storyboard in Resources */ = {isa = PBXBuildFile; fileRef = F315FCCE24080A11009C98BD /* Main.storyboard */; };
		F315FCD224080A12009C98BD /* Assets.xcassets in Resources */ = {isa = PBXBuildFile; fileRef = F315FCD124080A12009C98BD /* Assets.xcassets */; };
		F315FCD524080A12009C98BD /* LaunchScreen.storyboard in Resources */ = {isa = PBXBuildFile; fileRef = F315FCD324080A12009C98BD /* LaunchScreen.storyboard */; };
		F315FCE324081B12009C98BD /* Word.swift in Sources */ = {isa = PBXBuildFile; fileRef = F315FCE224081B12009C98BD /* Word.swift */; };
		F315FCE524081B1C009C98BD /* WordController.swift in Sources */ = {isa = PBXBuildFile; fileRef = F315FCE424081B1C009C98BD /* WordController.swift */; };
		F315FCE724081B2D009C98BD /* WordTableViewCell.swift in Sources */ = {isa = PBXBuildFile; fileRef = F315FCE624081B2D009C98BD /* WordTableViewCell.swift */; };
		F315FCE924081B45009C98BD /* MainTableViewController.swift in Sources */ = {isa = PBXBuildFile; fileRef = F315FCE824081B45009C98BD /* MainTableViewController.swift */; };
		F315FCEB24081B52009C98BD /* WordDetailViewController.swift in Sources */ = {isa = PBXBuildFile; fileRef = F315FCEA24081B52009C98BD /* WordDetailViewController.swift */; };
		F3571445240AA9CD009F9BEA /* Colors.xcassets in Resources */ = {isa = PBXBuildFile; fileRef = F3571444240AA9CD009F9BEA /* Colors.xcassets */; };
		F3571447240AC8E2009F9BEA /* words.json in Resources */ = {isa = PBXBuildFile; fileRef = F3571446240AC8E2009F9BEA /* words.json */; };
		F3BD27812410B09400161A83 /* UNService.swift in Sources */ = {isa = PBXBuildFile; fileRef = F3BD27802410B09400161A83 /* UNService.swift */; };
		F3E0E6E22408DCC1002FAB08 /* HomeViewController.swift in Sources */ = {isa = PBXBuildFile; fileRef = F3E0E6E12408DCC1002FAB08 /* HomeViewController.swift */; };
		F3E0E6E42408DCDD002FAB08 /* ExamplePopupViewController.swift in Sources */ = {isa = PBXBuildFile; fileRef = F3E0E6E32408DCDD002FAB08 /* ExamplePopupViewController.swift */; };
		F3E0E6E62409585C002FAB08 /* CardView.swift in Sources */ = {isa = PBXBuildFile; fileRef = F3E0E6E52409585C002FAB08 /* CardView.swift */; };
		F3E0E6E82409709D002FAB08 /* ShadowedButton.swift in Sources */ = {isa = PBXBuildFile; fileRef = F3E0E6E72409709D002FAB08 /* ShadowedButton.swift */; };
		F3E0E6EA2409745B002FAB08 /* CellView.swift in Sources */ = {isa = PBXBuildFile; fileRef = F3E0E6E92409745B002FAB08 /* CellView.swift */; };
/* End PBXBuildFile section */

/* Begin PBXFileReference section */
		F315FCC524080A11009C98BD /* Slango.app */ = {isa = PBXFileReference; explicitFileType = wrapper.application; includeInIndex = 0; path = Slango.app; sourceTree = BUILT_PRODUCTS_DIR; };
		F315FCC824080A11009C98BD /* AppDelegate.swift */ = {isa = PBXFileReference; lastKnownFileType = sourcecode.swift; path = AppDelegate.swift; sourceTree = "<group>"; };
		F315FCCA24080A11009C98BD /* SceneDelegate.swift */ = {isa = PBXFileReference; lastKnownFileType = sourcecode.swift; path = SceneDelegate.swift; sourceTree = "<group>"; };
		F315FCCF24080A11009C98BD /* Base */ = {isa = PBXFileReference; lastKnownFileType = file.storyboard; name = Base; path = Base.lproj/Main.storyboard; sourceTree = "<group>"; };
		F315FCD124080A12009C98BD /* Assets.xcassets */ = {isa = PBXFileReference; lastKnownFileType = folder.assetcatalog; path = Assets.xcassets; sourceTree = "<group>"; };
		F315FCD424080A12009C98BD /* Base */ = {isa = PBXFileReference; lastKnownFileType = file.storyboard; name = Base; path = Base.lproj/LaunchScreen.storyboard; sourceTree = "<group>"; };
		F315FCD624080A12009C98BD /* Info.plist */ = {isa = PBXFileReference; lastKnownFileType = text.plist.xml; path = Info.plist; sourceTree = "<group>"; };
		F315FCE224081B12009C98BD /* Word.swift */ = {isa = PBXFileReference; lastKnownFileType = sourcecode.swift; path = Word.swift; sourceTree = "<group>"; };
		F315FCE424081B1C009C98BD /* WordController.swift */ = {isa = PBXFileReference; lastKnownFileType = sourcecode.swift; path = WordController.swift; sourceTree = "<group>"; };
		F315FCE624081B2D009C98BD /* WordTableViewCell.swift */ = {isa = PBXFileReference; lastKnownFileType = sourcecode.swift; path = WordTableViewCell.swift; sourceTree = "<group>"; };
		F315FCE824081B45009C98BD /* MainTableViewController.swift */ = {isa = PBXFileReference; lastKnownFileType = sourcecode.swift; path = MainTableViewController.swift; sourceTree = "<group>"; };
		F315FCEA24081B52009C98BD /* WordDetailViewController.swift */ = {isa = PBXFileReference; lastKnownFileType = sourcecode.swift; path = WordDetailViewController.swift; sourceTree = "<group>"; };
		F3571444240AA9CD009F9BEA /* Colors.xcassets */ = {isa = PBXFileReference; lastKnownFileType = folder.assetcatalog; path = Colors.xcassets; sourceTree = "<group>"; };
		F3571446240AC8E2009F9BEA /* words.json */ = {isa = PBXFileReference; fileEncoding = 4; lastKnownFileType = text.json; name = words.json; path = ../../../../../words.json; sourceTree = "<group>"; };
		F3BD27802410B09400161A83 /* UNService.swift */ = {isa = PBXFileReference; lastKnownFileType = sourcecode.swift; path = UNService.swift; sourceTree = "<group>"; };
		F3E0E6E12408DCC1002FAB08 /* HomeViewController.swift */ = {isa = PBXFileReference; lastKnownFileType = sourcecode.swift; path = HomeViewController.swift; sourceTree = "<group>"; };
		F3E0E6E32408DCDD002FAB08 /* ExamplePopupViewController.swift */ = {isa = PBXFileReference; lastKnownFileType = sourcecode.swift; path = ExamplePopupViewController.swift; sourceTree = "<group>"; };
		F3E0E6E52409585C002FAB08 /* CardView.swift */ = {isa = PBXFileReference; lastKnownFileType = sourcecode.swift; path = CardView.swift; sourceTree = "<group>"; };
		F3E0E6E72409709D002FAB08 /* ShadowedButton.swift */ = {isa = PBXFileReference; lastKnownFileType = sourcecode.swift; path = ShadowedButton.swift; sourceTree = "<group>"; };
		F3E0E6E92409745B002FAB08 /* CellView.swift */ = {isa = PBXFileReference; lastKnownFileType = sourcecode.swift; path = CellView.swift; sourceTree = "<group>"; };
/* End PBXFileReference section */

/* Begin PBXFrameworksBuildPhase section */
		F315FCC224080A11009C98BD /* Frameworks */ = {
			isa = PBXFrameworksBuildPhase;
			buildActionMask = 2147483647;
			files = (
			);
			runOnlyForDeploymentPostprocessing = 0;
		};
/* End PBXFrameworksBuildPhase section */

/* Begin PBXGroup section */
		F315FCBC24080A11009C98BD = {
			isa = PBXGroup;
			children = (
				F315FCC724080A11009C98BD /* Slango */,
				F315FCC624080A11009C98BD /* Products */,
			);
			sourceTree = "<group>";
		};
		F315FCC624080A11009C98BD /* Products */ = {
			isa = PBXGroup;
			children = (
				F315FCC524080A11009C98BD /* Slango.app */,
			);
			name = Products;
			sourceTree = "<group>";
		};
		F315FCC724080A11009C98BD /* Slango */ = {
			isa = PBXGroup;
			children = (
				F315FCE124080C3D009C98BD /* Resources */,
				F315FCE024080C37009C98BD /* Model */,
				F315FCDF24080C2B009C98BD /* Model Controller */,
				F315FCDE24080C25009C98BD /* Views */,
				F315FCDD24080C1A009C98BD /* View Controllers */,
				F315FCDC24080C0E009C98BD /* Storyboards */,
			);
			path = Slango;
			sourceTree = "<group>";
		};
		F315FCDC24080C0E009C98BD /* Storyboards */ = {
			isa = PBXGroup;
			children = (
				F315FCCE24080A11009C98BD /* Main.storyboard */,
				F315FCD324080A12009C98BD /* LaunchScreen.storyboard */,
			);
			name = Storyboards;
			sourceTree = "<group>";
		};
		F315FCDD24080C1A009C98BD /* View Controllers */ = {
			isa = PBXGroup;
			children = (
				F315FCE824081B45009C98BD /* MainTableViewController.swift */,
				F315FCEA24081B52009C98BD /* WordDetailViewController.swift */,
				F3E0E6E12408DCC1002FAB08 /* HomeViewController.swift */,
				F3E0E6E32408DCDD002FAB08 /* ExamplePopupViewController.swift */,
			);
			name = "View Controllers";
			sourceTree = "<group>";
		};
		F315FCDE24080C25009C98BD /* Views */ = {
			isa = PBXGroup;
			children = (
				F315FCE624081B2D009C98BD /* WordTableViewCell.swift */,
				F3E0E6E52409585C002FAB08 /* CardView.swift */,
				F3E0E6E92409745B002FAB08 /* CellView.swift */,
				F3E0E6E72409709D002FAB08 /* ShadowedButton.swift */,
			);
			name = Views;
			sourceTree = "<group>";
		};
		F315FCDF24080C2B009C98BD /* Model Controller */ = {
			isa = PBXGroup;
			children = (
				F315FCE424081B1C009C98BD /* WordController.swift */,
			);
			name = "Model Controller";
			sourceTree = "<group>";
		};
		F315FCE024080C37009C98BD /* Model */ = {
			isa = PBXGroup;
			children = (
				F315FCE224081B12009C98BD /* Word.swift */,
			);
			name = Model;
			sourceTree = "<group>";
		};
		F315FCE124080C3D009C98BD /* Resources */ = {
			isa = PBXGroup;
			children = (
				F315FCC824080A11009C98BD /* AppDelegate.swift */,
				F315FCCA24080A11009C98BD /* SceneDelegate.swift */,
				F315FCD624080A12009C98BD /* Info.plist */,
				F315FCD124080A12009C98BD /* Assets.xcassets */,
				F3571444240AA9CD009F9BEA /* Colors.xcassets */,
				F3571446240AC8E2009F9BEA /* words.json */,
				F3BD27802410B09400161A83 /* UNService.swift */,
			);
			name = Resources;
			sourceTree = "<group>";
		};
/* End PBXGroup section */

/* Begin PBXNativeTarget section */
		F315FCC424080A11009C98BD /* Slango */ = {
			isa = PBXNativeTarget;
			buildConfigurationList = F315FCD924080A12009C98BD /* Build configuration list for PBXNativeTarget "Slango" */;
			buildPhases = (
				F315FCC124080A11009C98BD /* Sources */,
				F315FCC224080A11009C98BD /* Frameworks */,
				F315FCC324080A11009C98BD /* Resources */,
			);
			buildRules = (
			);
			dependencies = (
			);
			name = Slango;
			productName = Slango;
			productReference = F315FCC524080A11009C98BD /* Slango.app */;
			productType = "com.apple.product-type.application";
		};
/* End PBXNativeTarget section */

/* Begin PBXProject section */
		F315FCBD24080A11009C98BD /* Project object */ = {
			isa = PBXProject;
			attributes = {
				LastSwiftUpdateCheck = 1130;
				LastUpgradeCheck = 1130;
				ORGANIZATIONNAME = "Fabiola Saga";
				TargetAttributes = {
					F315FCC424080A11009C98BD = {
						CreatedOnToolsVersion = 11.3.1;
					};
				};
			};
			buildConfigurationList = F315FCC024080A11009C98BD /* Build configuration list for PBXProject "Slango" */;
			compatibilityVersion = "Xcode 9.3";
			developmentRegion = en;
			hasScannedForEncodings = 0;
			knownRegions = (
				en,
				Base,
			);
			mainGroup = F315FCBC24080A11009C98BD;
			productRefGroup = F315FCC624080A11009C98BD /* Products */;
			projectDirPath = "";
			projectRoot = "";
			targets = (
				F315FCC424080A11009C98BD /* Slango */,
			);
		};
/* End PBXProject section */

/* Begin PBXResourcesBuildPhase section */
		F315FCC324080A11009C98BD /* Resources */ = {
			isa = PBXResourcesBuildPhase;
			buildActionMask = 2147483647;
			files = (
				F315FCD524080A12009C98BD /* LaunchScreen.storyboard in Resources */,
				F3571445240AA9CD009F9BEA /* Colors.xcassets in Resources */,
				F315FCD224080A12009C98BD /* Assets.xcassets in Resources */,
				F315FCD024080A11009C98BD /* Main.storyboard in Resources */,
				F3571447240AC8E2009F9BEA /* words.json in Resources */,
			);
			runOnlyForDeploymentPostprocessing = 0;
		};
/* End PBXResourcesBuildPhase section */

/* Begin PBXSourcesBuildPhase section */
		F315FCC124080A11009C98BD /* Sources */ = {
			isa = PBXSourcesBuildPhase;
			buildActionMask = 2147483647;
			files = (
				F315FCC924080A11009C98BD /* AppDelegate.swift in Sources */,
				F315FCCB24080A11009C98BD /* SceneDelegate.swift in Sources */,
				F315FCEB24081B52009C98BD /* WordDetailViewController.swift in Sources */,
				F3E0E6E42408DCDD002FAB08 /* ExamplePopupViewController.swift in Sources */,
				F3E0E6E62409585C002FAB08 /* CardView.swift in Sources */,
				F3E0E6E22408DCC1002FAB08 /* HomeViewController.swift in Sources */,
				F315FCE324081B12009C98BD /* Word.swift in Sources */,
				F3BD27812410B09400161A83 /* UNService.swift in Sources */,
				F315FCE524081B1C009C98BD /* WordController.swift in Sources */,
				F3E0E6EA2409745B002FAB08 /* CellView.swift in Sources */,
				F315FCE924081B45009C98BD /* MainTableViewController.swift in Sources */,
				F315FCE724081B2D009C98BD /* WordTableViewCell.swift in Sources */,
				F3E0E6E82409709D002FAB08 /* ShadowedButton.swift in Sources */,
			);
			runOnlyForDeploymentPostprocessing = 0;
		};
/* End PBXSourcesBuildPhase section */

/* Begin PBXVariantGroup section */
		F315FCCE24080A11009C98BD /* Main.storyboard */ = {
			isa = PBXVariantGroup;
			children = (
				F315FCCF24080A11009C98BD /* Base */,
			);
			name = Main.storyboard;
			sourceTree = "<group>";
		};
		F315FCD324080A12009C98BD /* LaunchScreen.storyboard */ = {
			isa = PBXVariantGroup;
			children = (
				F315FCD424080A12009C98BD /* Base */,
			);
			name = LaunchScreen.storyboard;
			sourceTree = "<group>";
		};
/* End PBXVariantGroup section */

/* Begin XCBuildConfiguration section */
		F315FCD724080A12009C98BD /* Debug */ = {
			isa = XCBuildConfiguration;
			buildSettings = {
				ALWAYS_SEARCH_USER_PATHS = NO;
				CLANG_ANALYZER_NONNULL = YES;
				CLANG_ANALYZER_NUMBER_OBJECT_CONVERSION = YES_AGGRESSIVE;
				CLANG_CXX_LANGUAGE_STANDARD = "gnu++14";
				CLANG_CXX_LIBRARY = "libc++";
				CLANG_ENABLE_MODULES = YES;
				CLANG_ENABLE_OBJC_ARC = YES;
				CLANG_ENABLE_OBJC_WEAK = YES;
				CLANG_WARN_BLOCK_CAPTURE_AUTORELEASING = YES;
				CLANG_WARN_BOOL_CONVERSION = YES;
				CLANG_WARN_COMMA = YES;
				CLANG_WARN_CONSTANT_CONVERSION = YES;
				CLANG_WARN_DEPRECATED_OBJC_IMPLEMENTATIONS = YES;
				CLANG_WARN_DIRECT_OBJC_ISA_USAGE = YES_ERROR;
				CLANG_WARN_DOCUMENTATION_COMMENTS = YES;
				CLANG_WARN_EMPTY_BODY = YES;
				CLANG_WARN_ENUM_CONVERSION = YES;
				CLANG_WARN_INFINITE_RECURSION = YES;
				CLANG_WARN_INT_CONVERSION = YES;
				CLANG_WARN_NON_LITERAL_NULL_CONVERSION = YES;
				CLANG_WARN_OBJC_IMPLICIT_RETAIN_SELF = YES;
				CLANG_WARN_OBJC_LITERAL_CONVERSION = YES;
				CLANG_WARN_OBJC_ROOT_CLASS = YES_ERROR;
				CLANG_WARN_RANGE_LOOP_ANALYSIS = YES;
				CLANG_WARN_STRICT_PROTOTYPES = YES;
				CLANG_WARN_SUSPICIOUS_MOVE = YES;
				CLANG_WARN_UNGUARDED_AVAILABILITY = YES_AGGRESSIVE;
				CLANG_WARN_UNREACHABLE_CODE = YES;
				CLANG_WARN__DUPLICATE_METHOD_MATCH = YES;
				COPY_PHASE_STRIP = NO;
				DEBUG_INFORMATION_FORMAT = dwarf;
				ENABLE_STRICT_OBJC_MSGSEND = YES;
				ENABLE_TESTABILITY = YES;
				GCC_C_LANGUAGE_STANDARD = gnu11;
				GCC_DYNAMIC_NO_PIC = NO;
				GCC_NO_COMMON_BLOCKS = YES;
				GCC_OPTIMIZATION_LEVEL = 0;
				GCC_PREPROCESSOR_DEFINITIONS = (
					"DEBUG=1",
					"$(inherited)",
				);
				GCC_WARN_64_TO_32_BIT_CONVERSION = YES;
				GCC_WARN_ABOUT_RETURN_TYPE = YES_ERROR;
				GCC_WARN_UNDECLARED_SELECTOR = YES;
				GCC_WARN_UNINITIALIZED_AUTOS = YES_AGGRESSIVE;
				GCC_WARN_UNUSED_FUNCTION = YES;
				GCC_WARN_UNUSED_VARIABLE = YES;
				IPHONEOS_DEPLOYMENT_TARGET = 13.2;
				MTL_ENABLE_DEBUG_INFO = INCLUDE_SOURCE;
				MTL_FAST_MATH = YES;
				ONLY_ACTIVE_ARCH = YES;
				SDKROOT = iphoneos;
				SWIFT_ACTIVE_COMPILATION_CONDITIONS = DEBUG;
				SWIFT_OPTIMIZATION_LEVEL = "-Onone";
			};
			name = Debug;
		};
		F315FCD824080A12009C98BD /* Release */ = {
			isa = XCBuildConfiguration;
			buildSettings = {
				ALWAYS_SEARCH_USER_PATHS = NO;
				CLANG_ANALYZER_NONNULL = YES;
				CLANG_ANALYZER_NUMBER_OBJECT_CONVERSION = YES_AGGRESSIVE;
				CLANG_CXX_LANGUAGE_STANDARD = "gnu++14";
				CLANG_CXX_LIBRARY = "libc++";
				CLANG_ENABLE_MODULES = YES;
				CLANG_ENABLE_OBJC_ARC = YES;
				CLANG_ENABLE_OBJC_WEAK = YES;
				CLANG_WARN_BLOCK_CAPTURE_AUTORELEASING = YES;
				CLANG_WARN_BOOL_CONVERSION = YES;
				CLANG_WARN_COMMA = YES;
				CLANG_WARN_CONSTANT_CONVERSION = YES;
				CLANG_WARN_DEPRECATED_OBJC_IMPLEMENTATIONS = YES;
				CLANG_WARN_DIRECT_OBJC_ISA_USAGE = YES_ERROR;
				CLANG_WARN_DOCUMENTATION_COMMENTS = YES;
				CLANG_WARN_EMPTY_BODY = YES;
				CLANG_WARN_ENUM_CONVERSION = YES;
				CLANG_WARN_INFINITE_RECURSION = YES;
				CLANG_WARN_INT_CONVERSION = YES;
				CLANG_WARN_NON_LITERAL_NULL_CONVERSION = YES;
				CLANG_WARN_OBJC_IMPLICIT_RETAIN_SELF = YES;
				CLANG_WARN_OBJC_LITERAL_CONVERSION = YES;
				CLANG_WARN_OBJC_ROOT_CLASS = YES_ERROR;
				CLANG_WARN_RANGE_LOOP_ANALYSIS = YES;
				CLANG_WARN_STRICT_PROTOTYPES = YES;
				CLANG_WARN_SUSPICIOUS_MOVE = YES;
				CLANG_WARN_UNGUARDED_AVAILABILITY = YES_AGGRESSIVE;
				CLANG_WARN_UNREACHABLE_CODE = YES;
				CLANG_WARN__DUPLICATE_METHOD_MATCH = YES;
				COPY_PHASE_STRIP = NO;
				DEBUG_INFORMATION_FORMAT = "dwarf-with-dsym";
				ENABLE_NS_ASSERTIONS = NO;
				ENABLE_STRICT_OBJC_MSGSEND = YES;
				GCC_C_LANGUAGE_STANDARD = gnu11;
				GCC_NO_COMMON_BLOCKS = YES;
				GCC_WARN_64_TO_32_BIT_CONVERSION = YES;
				GCC_WARN_ABOUT_RETURN_TYPE = YES_ERROR;
				GCC_WARN_UNDECLARED_SELECTOR = YES;
				GCC_WARN_UNINITIALIZED_AUTOS = YES_AGGRESSIVE;
				GCC_WARN_UNUSED_FUNCTION = YES;
				GCC_WARN_UNUSED_VARIABLE = YES;
				IPHONEOS_DEPLOYMENT_TARGET = 13.2;
				MTL_ENABLE_DEBUG_INFO = NO;
				MTL_FAST_MATH = YES;
				SDKROOT = iphoneos;
				SWIFT_COMPILATION_MODE = wholemodule;
				SWIFT_OPTIMIZATION_LEVEL = "-O";
				VALIDATE_PRODUCT = YES;
			};
			name = Release;
		};
		F315FCDA24080A12009C98BD /* Debug */ = {
			isa = XCBuildConfiguration;
			buildSettings = {
				ASSETCATALOG_COMPILER_APPICON_NAME = AppIcon;
				CODE_SIGN_STYLE = Automatic;
				DEVELOPMENT_TEAM = 5B6SKLM7P9;
				INFOPLIST_FILE = Slango/Info.plist;
				LD_RUNPATH_SEARCH_PATHS = (
					"$(inherited)",
					"@executable_path/Frameworks",
				);
				PRODUCT_BUNDLE_IDENTIFIER = com.fabiolasaga.Slango;
				PRODUCT_NAME = "$(TARGET_NAME)";
				SWIFT_VERSION = 5.0;
				TARGETED_DEVICE_FAMILY = "1,2";
			};
			name = Debug;
		};
		F315FCDB24080A12009C98BD /* Release */ = {
			isa = XCBuildConfiguration;
			buildSettings = {
				ASSETCATALOG_COMPILER_APPICON_NAME = AppIcon;
				CODE_SIGN_STYLE = Automatic;
				DEVELOPMENT_TEAM = 5B6SKLM7P9;
				INFOPLIST_FILE = Slango/Info.plist;
				LD_RUNPATH_SEARCH_PATHS = (
					"$(inherited)",
					"@executable_path/Frameworks",
				);
				PRODUCT_BUNDLE_IDENTIFIER = com.fabiolasaga.Slango;
				PRODUCT_NAME = "$(TARGET_NAME)";
				SWIFT_VERSION = 5.0;
				TARGETED_DEVICE_FAMILY = "1,2";
			};
			name = Release;
		};
/* End XCBuildConfiguration section */

/* Begin XCConfigurationList section */
		F315FCC024080A11009C98BD /* Build configuration list for PBXProject "Slango" */ = {
			isa = XCConfigurationList;
			buildConfigurations = (
				F315FCD724080A12009C98BD /* Debug */,
				F315FCD824080A12009C98BD /* Release */,
			);
			defaultConfigurationIsVisible = 0;
			defaultConfigurationName = Release;
		};
		F315FCD924080A12009C98BD /* Build configuration list for PBXNativeTarget "Slango" */ = {
			isa = XCConfigurationList;
			buildConfigurations = (
				F315FCDA24080A12009C98BD /* Debug */,
				F315FCDB24080A12009C98BD /* Release */,
			);
			defaultConfigurationIsVisible = 0;
			defaultConfigurationName = Release;
		};
/* End XCConfigurationList section */
	};
	rootObject = F315FCBD24080A11009C98BD /* Project object */;
}
